
Microsoft Visual Studio Solution File, Format Version 12.00
# Visual Studio 2012
Project("{CC5FD16D-436D-48AD-A40C-5A424C6E3E79}") = "MarkRodseth.AzureWebRole.Cloud", "MarkRodseth.AzureWebRole.Cloud\MarkRodseth.AzureWebRole.Cloud.ccproj", "{3835773B-F5BD-4356-A7D1-9CFB7A5D90B7}"
EndProject
Project("{FAE04EC0-301F-11D3-BF4B-00C04F79EFBC}") = "MarkRodseth.AzureWebRole.Web", "MarkRodseth.AzureWebRole.Web\MarkRodseth.AzureWebRole.Web.csproj", "{FA088DB9-B1A9-453E-AB5A-2F5E96BB46C5}"
EndProject
Project("{FAE04EC0-301F-11D3-BF4B-00C04F79EFBC}") = "MarkRodseth.AzureWebRole.Web.Tests", "MarkRodseth.AzureWebRole.Web.Tests\MarkRodseth.AzureWebRole.Web.Tests.csproj", "{A4E35580-1710-4E38-97C9-E3774048F46A}"
EndProject
Global
	GlobalSection(SolutionConfigurationPlatforms) = preSolution
		Debug|Any CPU = Debug|Any CPU
		Release|Any CPU = Release|Any CPU
	EndGlobalSection
	GlobalSection(ProjectConfigurationPlatforms) = postSolution
		{3835773B-F5BD-4356-A7D1-9CFB7A5D90B7}.Debug|Any CPU.ActiveCfg = Debug|Any CPU
		{3835773B-F5BD-4356-A7D1-9CFB7A5D90B7}.Debug|Any CPU.Build.0 = Debug|Any CPU
		{3835773B-F5BD-4356-A7D1-9CFB7A5D90B7}.Release|Any CPU.ActiveCfg = Release|Any CPU
		{3835773B-F5BD-4356-A7D1-9CFB7A5D90B7}.Release|Any CPU.Build.0 = Release|Any CPU
		{FA088DB9-B1A9-453E-AB5A-2F5E96BB46C5}.Debug|Any CPU.ActiveCfg = Debug|Any CPU
		{FA088DB9-B1A9-453E-AB5A-2F5E96BB46C5}.Debug|Any CPU.Build.0 = Debug|Any CPU
		{FA088DB9-B1A9-453E-AB5A-2F5E96BB46C5}.Release|Any CPU.ActiveCfg = Release|Any CPU
		{FA088DB9-B1A9-453E-AB5A-2F5E96BB46C5}.Release|Any CPU.Build.0 = Release|Any CPU
		{A4E35580-1710-4E38-97C9-E3774048F46A}.Debug|Any CPU.ActiveCfg = Debug|Any CPU
		{A4E35580-1710-4E38-97C9-E3774048F46A}.Debug|Any CPU.Build.0 = Debug|Any CPU
		{A4E35580-1710-4E38-97C9-E3774048F46A}.Release|Any CPU.ActiveCfg = Release|Any CPU
		{A4E35580-1710-4E38-97C9-E3774048F46A}.Release|Any CPU.Build.0 = Release|Any CPU
	EndGlobalSection
	GlobalSection(SolutionProperties) = preSolution
		HideSolutionNode = FALSE
	EndGlobalSection
EndGlobal
